
Microsoft Visual Studio Solution File, Format Version 12.00
# Visual Studio 15
VisualStudioVersion = 15.0.27130.2024
MinimumVisualStudioVersion = 10.0.40219.1
Project("{FAE04EC0-301F-11D3-BF4B-00C04F79EFBC}") = "DatingAPI", "DatingAPI\DatingAPI.csproj", "{ED3C7991-FDD8-413C-950F-9F42AFCD06E4}"
EndProject
Global
	GlobalSection(SolutionConfigurationPlatforms) = preSolution
		Debug|Any CPU = Debug|Any CPU
		Release|Any CPU = Release|Any CPU
	EndGlobalSection
	GlobalSection(ProjectConfigurationPlatforms) = postSolution
		{ED3C7991-FDD8-413C-950F-9F42AFCD06E4}.Debug|Any CPU.ActiveCfg = Debug|Any CPU
		{ED3C7991-FDD8-413C-950F-9F42AFCD06E4}.Debug|Any CPU.Build.0 = Debug|Any CPU
		{ED3C7991-FDD8-413C-950F-9F42AFCD06E4}.Release|Any CPU.ActiveCfg = Release|Any CPU
		{ED3C7991-FDD8-413C-950F-9F42AFCD06E4}.Release|Any CPU.Build.0 = Release|Any CPU
	EndGlobalSection
	GlobalSection(SolutionProperties) = preSolution
		HideSolutionNode = FALSE
	EndGlobalSection
	GlobalSection(ExtensibilityGlobals) = postSolution
		SolutionGuid = {A5D0171F-2AEA-4E5F-BA68-83C91EF47A63}
	EndGlobalSection
EndGlobal
